
Microsoft Visual Studio Solution File, Format Version 12.00
# Visual Studio 2012
Project("{8BC9CEB8-8B4A-11D0-8D11-00A0C91BC942}") = "MHook2", "MHook2.vcxproj", "{FD81674E-F704-47F7-8E53-B80EAE128583}"
EndProject
Global
	GlobalSection(SolutionConfigurationPlatforms) = preSolution
		Debug|Win32 = Debug|Win32
		Debug|x64 = Debug|x64
		Release|Win32 = Release|Win32
		Release|x64 = Release|x64
		XP|Win32 = XP|Win32
		XP|x64 = XP|x64
	EndGlobalSection
	GlobalSection(ProjectConfigurationPlatforms) = postSolution
		{FD81674E-F704-47F7-8E53-B80EAE128583}.Debug|Win32.ActiveCfg = Debug|Win32
		{FD81674E-F704-47F7-8E53-B80EAE128583}.Debug|Win32.Build.0 = Debug|Win32
		{FD81674E-F704-47F7-8E53-B80EAE128583}.Debug|x64.ActiveCfg = Debug|x64
		{FD81674E-F704-47F7-8E53-B80EAE128583}.Debug|x64.Build.0 = Debug|x64
		{FD81674E-F704-47F7-8E53-B80EAE128583}.Release|Win32.ActiveCfg = Release|Win32
		{FD81674E-F704-47F7-8E53-B80EAE128583}.Release|Win32.Build.0 = Release|Win32
		{FD81674E-F704-47F7-8E53-B80EAE128583}.Release|x64.ActiveCfg = Release|x64
		{FD81674E-F704-47F7-8E53-B80EAE128583}.Release|x64.Build.0 = Release|x64
		{FD81674E-F704-47F7-8E53-B80EAE128583}.XP|Win32.ActiveCfg = XP|Win32
		{FD81674E-F704-47F7-8E53-B80EAE128583}.XP|Win32.Build.0 = XP|Win32
		{FD81674E-F704-47F7-8E53-B80EAE128583}.XP|x64.ActiveCfg = XP|x64
		{FD81674E-F704-47F7-8E53-B80EAE128583}.XP|x64.Build.0 = XP|x64
	EndGlobalSection
	GlobalSection(SolutionProperties) = preSolution
		HideSolutionNode = FALSE
	EndGlobalSection
EndGlobal
